# This file is automatically @generated by Cargo.
# It is not intended for manual editing.
version = 4

[[package]]
name = "whisper-cms-core"
version = "0.1.0"

[[package]]
name = "whisper-cms-plugin-admin"
version = "0.1.0"

[[package]]
name = "whisper-cms-plugin-api"
version = "0.1.0"

[[package]]
name = "whisper-cms-theme-api"
version = "0.1.0"

[[package]]
name = "whisper-cms-theme-wisp"
version = "0.1.0"
